
Microsoft Visual Studio Solution File, Format Version 12.00
# Visual Studio Version 17
VisualStudioVersion = 17.10.35027.167
MinimumVisualStudioVersion = 10.0.40219.1
Project("{8BC9CEB8-8B4A-11D0-8D11-00A0C91BC942}") = "BasicGameEngine", "BasicGameEngine\BasicGameEngine.vcxproj", "{7057351F-13BE-4B8B-A7C5-46CF67628C02}"
EndProject
Project("{8BC9CEB8-8B4A-11D0-8D11-00A0C91BC942}") = "BasicGameEngine_UnitTest", "BasicGameEngine_UnitTest\BasicGameEngine_UnitTest.vcxproj", "{F8A3E592-77B2-4CA3-A566-D644A73FD623}"
EndProject
Project("{8BC9CEB8-8B4A-11D0-8D11-00A0C91BC942}") = "OpNode", "OpNode\OpNode.vcxproj", "{BB84B704-82C7-4696-B2B4-B8B5B51F57F7}"
EndProject
Project("{2150E333-8FDC-42A3-9474-1A3956D46DE8}") = "OpNode_Plugins", "OpNode_Plugins", "{9980BB65-19FB-4941-83BA-74534825FB9D}"
EndProject
Project("{8BC9CEB8-8B4A-11D0-8D11-00A0C91BC942}") = "CommandHistoryOperation", "CommandHistoryOperation\CommandHistoryOperation.vcxproj", "{9E3D9643-A834-4FDA-A406-52540CCD6226}"
EndProject
Project("{8BC9CEB8-8B4A-11D0-8D11-00A0C91BC942}") = "CommandHistoryOperation1", "CommandHistoryOperation1\CommandHistoryOperation1.vcxproj", "{D1C1B5AB-583B-4D92-817E-580102AF2E21}"
EndProject
Project("{8BC9CEB8-8B4A-11D0-8D11-00A0C91BC942}") = "DX11Operation", "DX11Operation\DX11Operation.vcxproj", "{482D7C56-57B0-468F-8490-011B0B4BB56D}"
EndProject
Project("{2150E333-8FDC-42A3-9474-1A3956D46DE8}") = "Solution Items", "Solution Items", "{8EC462FD-D22E-90A8-E5CE-7E832BA40C5D}"
	ProjectSection(SolutionItems) = preProject
		readme.md = readme.md
	EndProjectSection
EndProject
Global
	GlobalSection(SolutionConfigurationPlatforms) = preSolution
		Debug|ARM = Debug|ARM
		Debug|ARM64 = Debug|ARM64
		Debug|x64 = Debug|x64
		Debug|x86 = Debug|x86
		Release|ARM = Release|ARM
		Release|ARM64 = Release|ARM64
		Release|x64 = Release|x64
		Release|x86 = Release|x86
	EndGlobalSection
	GlobalSection(ProjectConfigurationPlatforms) = postSolution
		{7057351F-13BE-4B8B-A7C5-46CF67628C02}.Debug|ARM.ActiveCfg = Debug|x64
		{7057351F-13BE-4B8B-A7C5-46CF67628C02}.Debug|ARM.Build.0 = Debug|x64
		{7057351F-13BE-4B8B-A7C5-46CF67628C02}.Debug|ARM64.ActiveCfg = Debug|x64
		{7057351F-13BE-4B8B-A7C5-46CF67628C02}.Debug|ARM64.Build.0 = Debug|x64
		{7057351F-13BE-4B8B-A7C5-46CF67628C02}.Debug|x64.ActiveCfg = Debug|x64
		{7057351F-13BE-4B8B-A7C5-46CF67628C02}.Debug|x64.Build.0 = Debug|x64
		{7057351F-13BE-4B8B-A7C5-46CF67628C02}.Debug|x86.ActiveCfg = Debug|Win32
		{7057351F-13BE-4B8B-A7C5-46CF67628C02}.Debug|x86.Build.0 = Debug|Win32
		{7057351F-13BE-4B8B-A7C5-46CF67628C02}.Release|ARM.ActiveCfg = Release|x64
		{7057351F-13BE-4B8B-A7C5-46CF67628C02}.Release|ARM.Build.0 = Release|x64
		{7057351F-13BE-4B8B-A7C5-46CF67628C02}.Release|ARM64.ActiveCfg = Release|x64
		{7057351F-13BE-4B8B-A7C5-46CF67628C02}.Release|ARM64.Build.0 = Release|x64
		{7057351F-13BE-4B8B-A7C5-46CF67628C02}.Release|x64.ActiveCfg = Release|x64
		{7057351F-13BE-4B8B-A7C5-46CF67628C02}.Release|x64.Build.0 = Release|x64
		{7057351F-13BE-4B8B-A7C5-46CF67628C02}.Release|x86.ActiveCfg = Release|Win32
		{7057351F-13BE-4B8B-A7C5-46CF67628C02}.Release|x86.Build.0 = Release|Win32
		{F8A3E592-77B2-4CA3-A566-D644A73FD623}.Debug|ARM.ActiveCfg = Debug|x64
		{F8A3E592-77B2-4CA3-A566-D644A73FD623}.Debug|ARM.Build.0 = Debug|x64
		{F8A3E592-77B2-4CA3-A566-D644A73FD623}.Debug|ARM64.ActiveCfg = Debug|x64
		{F8A3E592-77B2-4CA3-A566-D644A73FD623}.Debug|ARM64.Build.0 = Debug|x64
		{F8A3E592-77B2-4CA3-A566-D644A73FD623}.Debug|x64.ActiveCfg = Debug|x64
		{F8A3E592-77B2-4CA3-A566-D644A73FD623}.Debug|x64.Build.0 = Debug|x64
		{F8A3E592-77B2-4CA3-A566-D644A73FD623}.Debug|x86.ActiveCfg = Debug|Win32
		{F8A3E592-77B2-4CA3-A566-D644A73FD623}.Debug|x86.Build.0 = Debug|Win32
		{F8A3E592-77B2-4CA3-A566-D644A73FD623}.Release|ARM.ActiveCfg = Release|x64
		{F8A3E592-77B2-4CA3-A566-D644A73FD623}.Release|ARM.Build.0 = Release|x64
		{F8A3E592-77B2-4CA3-A566-D644A73FD623}.Release|ARM64.ActiveCfg = Release|x64
		{F8A3E592-77B2-4CA3-A566-D644A73FD623}.Release|ARM64.Build.0 = Release|x64
		{F8A3E592-77B2-4CA3-A566-D644A73FD623}.Release|x64.ActiveCfg = Release|x64
		{F8A3E592-77B2-4CA3-A566-D644A73FD623}.Release|x64.Build.0 = Release|x64
		{F8A3E592-77B2-4CA3-A566-D644A73FD623}.Release|x86.ActiveCfg = Release|Win32
		{F8A3E592-77B2-4CA3-A566-D644A73FD623}.Release|x86.Build.0 = Release|Win32
		{BB84B704-82C7-4696-B2B4-B8B5B51F57F7}.Debug|ARM.ActiveCfg = Debug|x64
		{BB84B704-82C7-4696-B2B4-B8B5B51F57F7}.Debug|ARM.Build.0 = Debug|x64
		{BB84B704-82C7-4696-B2B4-B8B5B51F57F7}.Debug|ARM64.ActiveCfg = Debug|x64
		{BB84B704-82C7-4696-B2B4-B8B5B51F57F7}.Debug|ARM64.Build.0 = Debug|x64
		{BB84B704-82C7-4696-B2B4-B8B5B51F57F7}.Debug|x64.ActiveCfg = Debug|x64
		{BB84B704-82C7-4696-B2B4-B8B5B51F57F7}.Debug|x64.Build.0 = Debug|x64
		{BB84B704-82C7-4696-B2B4-B8B5B51F57F7}.Debug|x86.ActiveCfg = Debug|Win32
		{BB84B704-82C7-4696-B2B4-B8B5B51F57F7}.Debug|x86.Build.0 = Debug|Win32
		{BB84B704-82C7-4696-B2B4-B8B5B51F57F7}.Release|ARM.ActiveCfg = Release|x64
		{BB84B704-82C7-4696-B2B4-B8B5B51F57F7}.Release|ARM.Build.0 = Release|x64
		{BB84B704-82C7-4696-B2B4-B8B5B51F57F7}.Release|ARM64.ActiveCfg = Release|x64
		{BB84B704-82C7-4696-B2B4-B8B5B51F57F7}.Release|ARM64.Build.0 = Release|x64
		{BB84B704-82C7-4696-B2B4-B8B5B51F57F7}.Release|x64.ActiveCfg = Release|x64
		{BB84B704-82C7-4696-B2B4-B8B5B51F57F7}.Release|x64.Build.0 = Release|x64
		{BB84B704-82C7-4696-B2B4-B8B5B51F57F7}.Release|x86.ActiveCfg = Release|Win32
		{BB84B704-82C7-4696-B2B4-B8B5B51F57F7}.Release|x86.Build.0 = Release|Win32
		{9E3D9643-A834-4FDA-A406-52540CCD6226}.Debug|ARM.ActiveCfg = Debug|x64
		{9E3D9643-A834-4FDA-A406-52540CCD6226}.Debug|ARM.Build.0 = Debug|x64
		{9E3D9643-A834-4FDA-A406-52540CCD6226}.Debug|ARM64.ActiveCfg = Debug|x64
		{9E3D9643-A834-4FDA-A406-52540CCD6226}.Debug|ARM64.Build.0 = Debug|x64
		{9E3D9643-A834-4FDA-A406-52540CCD6226}.Debug|x64.ActiveCfg = Debug|x64
		{9E3D9643-A834-4FDA-A406-52540CCD6226}.Debug|x64.Build.0 = Debug|x64
		{9E3D9643-A834-4FDA-A406-52540CCD6226}.Debug|x86.ActiveCfg = Debug|Win32
		{9E3D9643-A834-4FDA-A406-52540CCD6226}.Debug|x86.Build.0 = Debug|Win32
		{9E3D9643-A834-4FDA-A406-52540CCD6226}.Release|ARM.ActiveCfg = Release|x64
		{9E3D9643-A834-4FDA-A406-52540CCD6226}.Release|ARM.Build.0 = Release|x64
		{9E3D9643-A834-4FDA-A406-52540CCD6226}.Release|ARM64.ActiveCfg = Release|x64
		{9E3D9643-A834-4FDA-A406-52540CCD6226}.Release|ARM64.Build.0 = Release|x64
		{9E3D9643-A834-4FDA-A406-52540CCD6226}.Release|x64.ActiveCfg = Release|x64
		{9E3D9643-A834-4FDA-A406-52540CCD6226}.Release|x64.Build.0 = Release|x64
		{9E3D9643-A834-4FDA-A406-52540CCD6226}.Release|x86.ActiveCfg = Release|Win32
		{9E3D9643-A834-4FDA-A406-52540CCD6226}.Release|x86.Build.0 = Release|Win32
		{D1C1B5AB-583B-4D92-817E-580102AF2E21}.Debug|ARM.ActiveCfg = Debug|x64
		{D1C1B5AB-583B-4D92-817E-580102AF2E21}.Debug|ARM.Build.0 = Debug|x64
		{D1C1B5AB-583B-4D92-817E-580102AF2E21}.Debug|ARM64.ActiveCfg = Debug|x64
		{D1C1B5AB-583B-4D92-817E-580102AF2E21}.Debug|ARM64.Build.0 = Debug|x64
		{D1C1B5AB-583B-4D92-817E-580102AF2E21}.Debug|x64.ActiveCfg = Debug|x64
		{D1C1B5AB-583B-4D92-817E-580102AF2E21}.Debug|x64.Build.0 = Debug|x64
		{D1C1B5AB-583B-4D92-817E-580102AF2E21}.Debug|x86.ActiveCfg = Debug|Win32
		{D1C1B5AB-583B-4D92-817E-580102AF2E21}.Debug|x86.Build.0 = Debug|Win32
		{D1C1B5AB-583B-4D92-817E-580102AF2E21}.Release|ARM.ActiveCfg = Release|x64
		{D1C1B5AB-583B-4D92-817E-580102AF2E21}.Release|ARM.Build.0 = Release|x64
		{D1C1B5AB-583B-4D92-817E-580102AF2E21}.Release|ARM64.ActiveCfg = Release|x64
		{D1C1B5AB-583B-4D92-817E-580102AF2E21}.Release|ARM64.Build.0 = Release|x64
		{D1C1B5AB-583B-4D92-817E-580102AF2E21}.Release|x64.ActiveCfg = Release|x64
		{D1C1B5AB-583B-4D92-817E-580102AF2E21}.Release|x64.Build.0 = Release|x64
		{D1C1B5AB-583B-4D92-817E-580102AF2E21}.Release|x86.ActiveCfg = Release|Win32
		{D1C1B5AB-583B-4D92-817E-580102AF2E21}.Release|x86.Build.0 = Release|Win32
		{482D7C56-57B0-468F-8490-011B0B4BB56D}.Debug|ARM.ActiveCfg = Debug|x64
		{482D7C56-57B0-468F-8490-011B0B4BB56D}.Debug|ARM.Build.0 = Debug|x64
		{482D7C56-57B0-468F-8490-011B0B4BB56D}.Debug|ARM64.ActiveCfg = Debug|x64
		{482D7C56-57B0-468F-8490-011B0B4BB56D}.Debug|ARM64.Build.0 = Debug|x64
		{482D7C56-57B0-468F-8490-011B0B4BB56D}.Debug|x64.ActiveCfg = Debug|x64
		{482D7C56-57B0-468F-8490-011B0B4BB56D}.Debug|x64.Build.0 = Debug|x64
		{482D7C56-57B0-468F-8490-011B0B4BB56D}.Debug|x86.ActiveCfg = Debug|Win32
		{482D7C56-57B0-468F-8490-011B0B4BB56D}.Debug|x86.Build.0 = Debug|Win32
		{482D7C56-57B0-468F-8490-011B0B4BB56D}.Release|ARM.ActiveCfg = Release|x64
		{482D7C56-57B0-468F-8490-011B0B4BB56D}.Release|ARM.Build.0 = Release|x64
		{482D7C56-57B0-468F-8490-011B0B4BB56D}.Release|ARM64.ActiveCfg = Release|x64
		{482D7C56-57B0-468F-8490-011B0B4BB56D}.Release|ARM64.Build.0 = Release|x64
		{482D7C56-57B0-468F-8490-011B0B4BB56D}.Release|x64.ActiveCfg = Release|x64
		{482D7C56-57B0-468F-8490-011B0B4BB56D}.Release|x64.Build.0 = Release|x64
		{482D7C56-57B0-468F-8490-011B0B4BB56D}.Release|x86.ActiveCfg = Release|Win32
		{482D7C56-57B0-468F-8490-011B0B4BB56D}.Release|x86.Build.0 = Release|Win32
	EndGlobalSection
	GlobalSection(SolutionProperties) = preSolution
		HideSolutionNode = FALSE
	EndGlobalSection
	GlobalSection(NestedProjects) = preSolution
		{9E3D9643-A834-4FDA-A406-52540CCD6226} = {9980BB65-19FB-4941-83BA-74534825FB9D}
		{D1C1B5AB-583B-4D92-817E-580102AF2E21} = {9980BB65-19FB-4941-83BA-74534825FB9D}
		{482D7C56-57B0-468F-8490-011B0B4BB56D} = {9980BB65-19FB-4941-83BA-74534825FB9D}
	EndGlobalSection
	GlobalSection(ExtensibilityGlobals) = postSolution
		SolutionGuid = {D3E28ACF-2934-43DE-B490-360214FA35D3}
	EndGlobalSection
EndGlobal
